// !$*UTF8*$!
{
	archiveVersion = 1;
	classes = {
	};
	objectVersion = 50;
	objects = {

/* Begin PBXBuildFile section */
		29063B2B2187F8F200C8E615 /* AppData.swift in Sources */ = {isa = PBXBuildFile; fileRef = 29063B2A2187F8F200C8E615 /* AppData.swift */; };
		29063B2D2187FACF00C8E615 /* QuestionViewController.swift in Sources */ = {isa = PBXBuildFile; fileRef = 29063B2C2187FACF00C8E615 /* QuestionViewController.swift */; };
		298433C4218679A1007FEB84 /* AppDelegate.swift in Sources */ = {isa = PBXBuildFile; fileRef = 298433C3218679A1007FEB84 /* AppDelegate.swift */; };
		298433C6218679A1007FEB84 /* ViewController.swift in Sources */ = {isa = PBXBuildFile; fileRef = 298433C5218679A1007FEB84 /* ViewController.swift */; };
		298433C9218679A1007FEB84 /* Main.storyboard in Resources */ = {isa = PBXBuildFile; fileRef = 298433C7218679A1007FEB84 /* Main.storyboard */; };
		298433CB218679A3007FEB84 /* Assets.xcassets in Resources */ = {isa = PBXBuildFile; fileRef = 298433CA218679A3007FEB84 /* Assets.xcassets */; };
		298433CE218679A3007FEB84 /* LaunchScreen.storyboard in Resources */ = {isa = PBXBuildFile; fileRef = 298433CC218679A3007FEB84 /* LaunchScreen.storyboard */; };
		298433D9218679A4007FEB84 /* iQuizTests.swift in Sources */ = {isa = PBXBuildFile; fileRef = 298433D8218679A4007FEB84 /* iQuizTests.swift */; };
		298433E4218679A4007FEB84 /* iQuizUITests.swift in Sources */ = {isa = PBXBuildFile; fileRef = 298433E3218679A4007FEB84 /* iQuizUITests.swift */; };
		298433F221867FD1007FEB84 /* QuizTableViewCell.swift in Sources */ = {isa = PBXBuildFile; fileRef = 298433F121867FD1007FEB84 /* QuizTableViewCell.swift */; };
		29C79B64218F652A002A3BC5 /* AnswerViewController.swift in Sources */ = {isa = PBXBuildFile; fileRef = 29C79B63218F652A002A3BC5 /* AnswerViewController.swift */; };
		29C79BA0218F84BD002A3BC5 /* FinalViewController.swift in Sources */ = {isa = PBXBuildFile; fileRef = 29C79B9F218F84BD002A3BC5 /* FinalViewController.swift */; };
		29EF67A9219B955400651631 /* Reachability.swift in Sources */ = {isa = PBXBuildFile; fileRef = 29EF67A8219B955400651631 /* Reachability.swift */; };
/* End PBXBuildFile section */

/* Begin PBXContainerItemProxy section */
		298433D5218679A4007FEB84 /* PBXContainerItemProxy */ = {
			isa = PBXContainerItemProxy;
			containerPortal = 298433B8218679A1007FEB84 /* Project object */;
			proxyType = 1;
			remoteGlobalIDString = 298433BF218679A1007FEB84;
			remoteInfo = iQuiz;
		};
		298433E0218679A4007FEB84 /* PBXContainerItemProxy */ = {
			isa = PBXContainerItemProxy;
			containerPortal = 298433B8218679A1007FEB84 /* Project object */;
			proxyType = 1;
			remoteGlobalIDString = 298433BF218679A1007FEB84;
			remoteInfo = iQuiz;
		};
/* End PBXContainerItemProxy section */

/* Begin PBXFileReference section */
		29063B2A2187F8F200C8E615 /* AppData.swift */ = {isa = PBXFileReference; lastKnownFileType = sourcecode.swift; path = AppData.swift; sourceTree = "<group>"; };
		29063B2C2187FACF00C8E615 /* QuestionViewController.swift */ = {isa = PBXFileReference; lastKnownFileType = sourcecode.swift; path = QuestionViewController.swift; sourceTree = "<group>"; };
		298433C0218679A1007FEB84 /* iQuiz.app */ = {isa = PBXFileReference; explicitFileType = wrapper.application; includeInIndex = 0; path = iQuiz.app; sourceTree = BUILT_PRODUCTS_DIR; };
		298433C3218679A1007FEB84 /* AppDelegate.swift */ = {isa = PBXFileReference; lastKnownFileType = sourcecode.swift; path = AppDelegate.swift; sourceTree = "<group>"; };
		298433C5218679A1007FEB84 /* ViewController.swift */ = {isa = PBXFileReference; lastKnownFileType = sourcecode.swift; path = ViewController.swift; sourceTree = "<group>"; };
		298433C8218679A1007FEB84 /* Base */ = {isa = PBXFileReference; lastKnownFileType = file.storyboard; name = Base; path = Base.lproj/Main.storyboard; sourceTree = "<group>"; };
		298433CA218679A3007FEB84 /* Assets.xcassets */ = {isa = PBXFileReference; lastKnownFileType = folder.assetcatalog; path = Assets.xcassets; sourceTree = "<group>"; };
		298433CD218679A3007FEB84 /* Base */ = {isa = PBXFileReference; lastKnownFileType = file.storyboard; name = Base; path = Base.lproj/LaunchScreen.storyboard; sourceTree = "<group>"; };
		298433CF218679A3007FEB84 /* Info.plist */ = {isa = PBXFileReference; lastKnownFileType = text.plist.xml; path = Info.plist; sourceTree = "<group>"; };
		298433D4218679A4007FEB84 /* iQuizTests.xctest */ = {isa = PBXFileReference; explicitFileType = wrapper.cfbundle; includeInIndex = 0; path = iQuizTests.xctest; sourceTree = BUILT_PRODUCTS_DIR; };
		298433D8218679A4007FEB84 /* iQuizTests.swift */ = {isa = PBXFileReference; lastKnownFileType = sourcecode.swift; path = iQuizTests.swift; sourceTree = "<group>"; };
		298433DA218679A4007FEB84 /* Info.plist */ = {isa = PBXFileReference; lastKnownFileType = text.plist.xml; path = Info.plist; sourceTree = "<group>"; };
		298433DF218679A4007FEB84 /* iQuizUITests.xctest */ = {isa = PBXFileReference; explicitFileType = wrapper.cfbundle; includeInIndex = 0; path = iQuizUITests.xctest; sourceTree = BUILT_PRODUCTS_DIR; };
		298433E3218679A4007FEB84 /* iQuizUITests.swift */ = {isa = PBXFileReference; lastKnownFileType = sourcecode.swift; path = iQuizUITests.swift; sourceTree = "<group>"; };
		298433E5218679A4007FEB84 /* Info.plist */ = {isa = PBXFileReference; lastKnownFileType = text.plist.xml; path = Info.plist; sourceTree = "<group>"; };
		298433F121867FD1007FEB84 /* QuizTableViewCell.swift */ = {isa = PBXFileReference; lastKnownFileType = sourcecode.swift; path = QuizTableViewCell.swift; sourceTree = "<group>"; };
		29C79B63218F652A002A3BC5 /* AnswerViewController.swift */ = {isa = PBXFileReference; lastKnownFileType = sourcecode.swift; path = AnswerViewController.swift; sourceTree = "<group>"; };
		29C79B9F218F84BD002A3BC5 /* FinalViewController.swift */ = {isa = PBXFileReference; lastKnownFileType = sourcecode.swift; path = FinalViewController.swift; sourceTree = "<group>"; };
		29EF67A8219B955400651631 /* Reachability.swift */ = {isa = PBXFileReference; lastKnownFileType = sourcecode.swift; path = Reachability.swift; sourceTree = "<group>"; };
/* End PBXFileReference section */

/* Begin PBXFrameworksBuildPhase section */
		298433BD218679A1007FEB84 /* Frameworks */ = {
			isa = PBXFrameworksBuildPhase;
			buildActionMask = 2147483647;
			files = (
			);
			runOnlyForDeploymentPostprocessing = 0;
		};
		298433D1218679A4007FEB84 /* Frameworks */ = {
			isa = PBXFrameworksBuildPhase;
			buildActionMask = 2147483647;
			files = (
			);
			runOnlyForDeploymentPostprocessing = 0;
		};
		298433DC218679A4007FEB84 /* Frameworks */ = {
			isa = PBXFrameworksBuildPhase;
			buildActionMask = 2147483647;
			files = (
			);
			runOnlyForDeploymentPostprocessing = 0;
		};
/* End PBXFrameworksBuildPhase section */

/* Begin PBXGroup section */
		298433B7218679A1007FEB84 = {
			isa = PBXGroup;
			children = (
				298433C2218679A1007FEB84 /* iQuiz */,
				298433D7218679A4007FEB84 /* iQuizTests */,
				298433E2218679A4007FEB84 /* iQuizUITests */,
				298433C1218679A1007FEB84 /* Products */,
			);
			sourceTree = "<group>";
		};
		298433C1218679A1007FEB84 /* Products */ = {
			isa = PBXGroup;
			children = (
				298433C0218679A1007FEB84 /* iQuiz.app */,
				298433D4218679A4007FEB84 /* iQuizTests.xctest */,
				298433DF218679A4007FEB84 /* iQuizUITests.xctest */,
			);
			name = Products;
			sourceTree = "<group>";
		};
		298433C2218679A1007FEB84 /* iQuiz */ = {
			isa = PBXGroup;
			children = (
				298433C3218679A1007FEB84 /* AppDelegate.swift */,
				29063B2A2187F8F200C8E615 /* AppData.swift */,
				298433F121867FD1007FEB84 /* QuizTableViewCell.swift */,
				298433C5218679A1007FEB84 /* ViewController.swift */,
				29063B2C2187FACF00C8E615 /* QuestionViewController.swift */,
				29C79B63218F652A002A3BC5 /* AnswerViewController.swift */,
				29C79B9F218F84BD002A3BC5 /* FinalViewController.swift */,
				298433C7218679A1007FEB84 /* Main.storyboard */,
				298433CA218679A3007FEB84 /* Assets.xcassets */,
				298433CC218679A3007FEB84 /* LaunchScreen.storyboard */,
				298433CF218679A3007FEB84 /* Info.plist */,
				29EF67A8219B955400651631 /* Reachability.swift */,
			);
			path = iQuiz;
			sourceTree = "<group>";
		};
		298433D7218679A4007FEB84 /* iQuizTests */ = {
			isa = PBXGroup;
			children = (
				298433D8218679A4007FEB84 /* iQuizTests.swift */,
				298433DA218679A4007FEB84 /* Info.plist */,
			);
			path = iQuizTests;
			sourceTree = "<group>";
		};
		298433E2218679A4007FEB84 /* iQuizUITests */ = {
			isa = PBXGroup;
			children = (
				298433E3218679A4007FEB84 /* iQuizUITests.swift */,
				298433E5218679A4007FEB84 /* Info.plist */,
			);
			path = iQuizUITests;
			sourceTree = "<group>";
		};
/* End PBXGroup section */

/* Begin PBXNativeTarget section */
		298433BF218679A1007FEB84 /* iQuiz */ = {
			isa = PBXNativeTarget;
			buildConfigurationList = 298433E8218679A4007FEB84 /* Build configuration list for PBXNativeTarget "iQuiz" */;
			buildPhases = (
				298433BC218679A1007FEB84 /* Sources */,
				298433BD218679A1007FEB84 /* Frameworks */,
				298433BE218679A1007FEB84 /* Resources */,
			);
			buildRules = (
			);
			dependencies = (
			);
			name = iQuiz;
			productName = iQuiz;
			productReference = 298433C0218679A1007FEB84 /* iQuiz.app */;
			productType = "com.apple.product-type.application";
		};
		298433D3218679A4007FEB84 /* iQuizTests */ = {
			isa = PBXNativeTarget;
			buildConfigurationList = 298433EB218679A4007FEB84 /* Build configuration list for PBXNativeTarget "iQuizTests" */;
			buildPhases = (
				298433D0218679A4007FEB84 /* Sources */,
				298433D1218679A4007FEB84 /* Frameworks */,
				298433D2218679A4007FEB84 /* Resources */,
			);
			buildRules = (
			);
			dependencies = (
				298433D6218679A4007FEB84 /* PBXTargetDependency */,
			);
			name = iQuizTests;
			productName = iQuizTests;
			productReference = 298433D4218679A4007FEB84 /* iQuizTests.xctest */;
			productType = "com.apple.product-type.bundle.unit-test";
		};
		298433DE218679A4007FEB84 /* iQuizUITests */ = {
			isa = PBXNativeTarget;
			buildConfigurationList = 298433EE218679A4007FEB84 /* Build configuration list for PBXNativeTarget "iQuizUITests" */;
			buildPhases = (
				298433DB218679A4007FEB84 /* Sources */,
				298433DC218679A4007FEB84 /* Frameworks */,
				298433DD218679A4007FEB84 /* Resources */,
			);
			buildRules = (
			);
			dependencies = (
				298433E1218679A4007FEB84 /* PBXTargetDependency */,
			);
			name = iQuizUITests;
			productName = iQuizUITests;
			productReference = 298433DF218679A4007FEB84 /* iQuizUITests.xctest */;
			productType = "com.apple.product-type.bundle.ui-testing";
		};
/* End PBXNativeTarget section */

/* Begin PBXProject section */
		298433B8218679A1007FEB84 /* Project object */ = {
			isa = PBXProject;
			attributes = {
				LastSwiftUpdateCheck = 1000;
				LastUpgradeCheck = 1000;
				ORGANIZATIONNAME = "Liuqing Ma";
				TargetAttributes = {
					298433BF218679A1007FEB84 = {
						CreatedOnToolsVersion = 10.0;
					};
					298433D3218679A4007FEB84 = {
						CreatedOnToolsVersion = 10.0;
						TestTargetID = 298433BF218679A1007FEB84;
					};
					298433DE218679A4007FEB84 = {
						CreatedOnToolsVersion = 10.0;
						TestTargetID = 298433BF218679A1007FEB84;
					};
				};
			};
			buildConfigurationList = 298433BB218679A1007FEB84 /* Build configuration list for PBXProject "iQuiz" */;
			compatibilityVersion = "Xcode 9.3";
			developmentRegion = en;
			hasScannedForEncodings = 0;
			knownRegions = (
				en,
				Base,
			);
			mainGroup = 298433B7218679A1007FEB84;
			productRefGroup = 298433C1218679A1007FEB84 /* Products */;
			projectDirPath = "";
			projectRoot = "";
			targets = (
				298433BF218679A1007FEB84 /* iQuiz */,
				298433D3218679A4007FEB84 /* iQuizTests */,
				298433DE218679A4007FEB84 /* iQuizUITests */,
			);
		};
/* End PBXProject section */

/* Begin PBXResourcesBuildPhase section */
		298433BE218679A1007FEB84 /* Resources */ = {
			isa = PBXResourcesBuildPhase;
			buildActionMask = 2147483647;
			files = (
				298433CE218679A3007FEB84 /* LaunchScreen.storyboard in Resources */,
				298433CB218679A3007FEB84 /* Assets.xcassets in Resources */,
				298433C9218679A1007FEB84 /* Main.storyboard in Resources */,
			);
			runOnlyForDeploymentPostprocessing = 0;
		};
		298433D2218679A4007FEB84 /* Resources */ = {
			isa = PBXResourcesBuildPhase;
			buildActionMask = 2147483647;
			files = (
			);
			runOnlyForDeploymentPostprocessing = 0;
		};
		298433DD218679A4007FEB84 /* Resources */ = {
			isa = PBXResourcesBuildPhase;
			buildActionMask = 2147483647;
			files = (
			);
			runOnlyForDeploymentPostprocessing = 0;
		};
/* End PBXResourcesBuildPhase section */

/* Begin PBXSourcesBuildPhase section */
		298433BC218679A1007FEB84 /* Sources */ = {
			isa = PBXSourcesBuildPhase;
			buildActionMask = 2147483647;
			files = (
				29C79B64218F652A002A3BC5 /* AnswerViewController.swift in Sources */,
				29C79BA0218F84BD002A3BC5 /* FinalViewController.swift in Sources */,
				298433C6218679A1007FEB84 /* ViewController.swift in Sources */,
				29063B2D2187FACF00C8E615 /* QuestionViewController.swift in Sources */,
				298433C4218679A1007FEB84 /* AppDelegate.swift in Sources */,
				298433F221867FD1007FEB84 /* QuizTableViewCell.swift in Sources */,
				29EF67A9219B955400651631 /* Reachability.swift in Sources */,
				29063B2B2187F8F200C8E615 /* AppData.swift in Sources */,
			);
			runOnlyForDeploymentPostprocessing = 0;
		};
		298433D0218679A4007FEB84 /* Sources */ = {
			isa = PBXSourcesBuildPhase;
			buildActionMask = 2147483647;
			files = (
				298433D9218679A4007FEB84 /* iQuizTests.swift in Sources */,
			);
			runOnlyForDeploymentPostprocessing = 0;
		};
		298433DB218679A4007FEB84 /* Sources */ = {
			isa = PBXSourcesBuildPhase;
			buildActionMask = 2147483647;
			files = (
				298433E4218679A4007FEB84 /* iQuizUITests.swift in Sources */,
			);
			runOnlyForDeploymentPostprocessing = 0;
		};
/* End PBXSourcesBuildPhase section */

/* Begin PBXTargetDependency section */
		298433D6218679A4007FEB84 /* PBXTargetDependency */ = {
			isa = PBXTargetDependency;
			target = 298433BF218679A1007FEB84 /* iQuiz */;
			targetProxy = 298433D5218679A4007FEB84 /* PBXContainerItemProxy */;
		};
		298433E1218679A4007FEB84 /* PBXTargetDependency */ = {
			isa = PBXTargetDependency;
			target = 298433BF218679A1007FEB84 /* iQuiz */;
			targetProxy = 298433E0218679A4007FEB84 /* PBXContainerItemProxy */;
		};
/* End PBXTargetDependency section */

/* Begin PBXVariantGroup section */
		298433C7218679A1007FEB84 /* Main.storyboard */ = {
			isa = PBXVariantGroup;
			children = (
				298433C8218679A1007FEB84 /* Base */,
			);
			name = Main.storyboard;
			sourceTree = "<group>";
		};
		298433CC218679A3007FEB84 /* LaunchScreen.storyboard */ = {
			isa = PBXVariantGroup;
			children = (
				298433CD218679A3007FEB84 /* Base */,
			);
			name = LaunchScreen.storyboard;
			sourceTree = "<group>";
		};
/* End PBXVariantGroup section */

/* Begin XCBuildConfiguration section */
		298433E6218679A4007FEB84 /* Debug */ = {
			isa = XCBuildConfiguration;
			buildSettings = {
				ALWAYS_SEARCH_USER_PATHS = NO;
				CLANG_ANALYZER_NONNULL = YES;
				CLANG_ANALYZER_NUMBER_OBJECT_CONVERSION = YES_AGGRESSIVE;
				CLANG_CXX_LANGUAGE_STANDARD = "gnu++14";
				CLANG_CXX_LIBRARY = "libc++";
				CLANG_ENABLE_MODULES = YES;
				CLANG_ENABLE_OBJC_ARC = YES;
				CLANG_ENABLE_OBJC_WEAK = YES;
				CLANG_WARN_BLOCK_CAPTURE_AUTORELEASING = YES;
				CLANG_WARN_BOOL_CONVERSION = YES;
				CLANG_WARN_COMMA = YES;
				CLANG_WARN_CONSTANT_CONVERSION = YES;
				CLANG_WARN_DEPRECATED_OBJC_IMPLEMENTATIONS = YES;
				CLANG_WARN_DIRECT_OBJC_ISA_USAGE = YES_ERROR;
				CLANG_WARN_DOCUMENTATION_COMMENTS = YES;
				CLANG_WARN_EMPTY_BODY = YES;
				CLANG_WARN_ENUM_CONVERSION = YES;
				CLANG_WARN_INFINITE_RECURSION = YES;
				CLANG_WARN_INT_CONVERSION = YES;
				CLANG_WARN_NON_LITERAL_NULL_CONVERSION = YES;
				CLANG_WARN_OBJC_IMPLICIT_RETAIN_SELF = YES;
				CLANG_WARN_OBJC_LITERAL_CONVERSION = YES;
				CLANG_WARN_OBJC_ROOT_CLASS = YES_ERROR;
				CLANG_WARN_RANGE_LOOP_ANALYSIS = YES;
				CLANG_WARN_STRICT_PROTOTYPES = YES;
				CLANG_WARN_SUSPICIOUS_MOVE = YES;
				CLANG_WARN_UNGUARDED_AVAILABILITY = YES_AGGRESSIVE;
				CLANG_WARN_UNREACHABLE_CODE = YES;
				CLANG_WARN__DUPLICATE_METHOD_MATCH = YES;
				CODE_SIGN_IDENTITY = "iPhone Developer";
				COPY_PHASE_STRIP = NO;
				DEBUG_INFORMATION_FORMAT = dwarf;
				ENABLE_STRICT_OBJC_MSGSEND = YES;
				ENABLE_TESTABILITY = YES;
				GCC_C_LANGUAGE_STANDARD = gnu11;
				GCC_DYNAMIC_NO_PIC = NO;
				GCC_NO_COMMON_BLOCKS = YES;
				GCC_OPTIMIZATION_LEVEL = 0;
				GCC_PREPROCESSOR_DEFINITIONS = (
					"DEBUG=1",
					"$(inherited)",
				);
				GCC_WARN_64_TO_32_BIT_CONVERSION = YES;
				GCC_WARN_ABOUT_RETURN_TYPE = YES_ERROR;
				GCC_WARN_UNDECLARED_SELECTOR = YES;
				GCC_WARN_UNINITIALIZED_AUTOS = YES_AGGRESSIVE;
				GCC_WARN_UNUSED_FUNCTION = YES;
				GCC_WARN_UNUSED_VARIABLE = YES;
				IPHONEOS_DEPLOYMENT_TARGET = 12.0;
				MTL_ENABLE_DEBUG_INFO = INCLUDE_SOURCE;
				MTL_FAST_MATH = YES;
				ONLY_ACTIVE_ARCH = YES;
				SDKROOT = iphoneos;
				SWIFT_ACTIVE_COMPILATION_CONDITIONS = DEBUG;
				SWIFT_OPTIMIZATION_LEVEL = "-Onone";
			};
			name = Debug;
		};
		298433E7218679A4007FEB84 /* Release */ = {
			isa = XCBuildConfiguration;
			buildSettings = {
				ALWAYS_SEARCH_USER_PATHS = NO;
				CLANG_ANALYZER_NONNULL = YES;
				CLANG_ANALYZER_NUMBER_OBJECT_CONVERSION = YES_AGGRESSIVE;
				CLANG_CXX_LANGUAGE_STANDARD = "gnu++14";
				CLANG_CXX_LIBRARY = "libc++";
				CLANG_ENABLE_MODULES = YES;
				CLANG_ENABLE_OBJC_ARC = YES;
				CLANG_ENABLE_OBJC_WEAK = YES;
				CLANG_WARN_BLOCK_CAPTURE_AUTORELEASING = YES;
				CLANG_WARN_BOOL_CONVERSION = YES;
				CLANG_WARN_COMMA = YES;
				CLANG_WARN_CONSTANT_CONVERSION = YES;
				CLANG_WARN_DEPRECATED_OBJC_IMPLEMENTATIONS = YES;
				CLANG_WARN_DIRECT_OBJC_ISA_USAGE = YES_ERROR;
				CLANG_WARN_DOCUMENTATION_COMMENTS = YES;
				CLANG_WARN_EMPTY_BODY = YES;
				CLANG_WARN_ENUM_CONVERSION = YES;
				CLANG_WARN_INFINITE_RECURSION = YES;
				CLANG_WARN_INT_CONVERSION = YES;
				CLANG_WARN_NON_LITERAL_NULL_CONVERSION = YES;
				CLANG_WARN_OBJC_IMPLICIT_RETAIN_SELF = YES;
				CLANG_WARN_OBJC_LITERAL_CONVERSION = YES;
				CLANG_WARN_OBJC_ROOT_CLASS = YES_ERROR;
				CLANG_WARN_RANGE_LOOP_ANALYSIS = YES;
				CLANG_WARN_STRICT_PROTOTYPES = YES;
				CLANG_WARN_SUSPICIOUS_MOVE = YES;
				CLANG_WARN_UNGUARDED_AVAILABILITY = YES_AGGRESSIVE;
				CLANG_WARN_UNREACHABLE_CODE = YES;
				CLANG_WARN__DUPLICATE_METHOD_MATCH = YES;
				CODE_SIGN_IDENTITY = "iPhone Developer";
				COPY_PHASE_STRIP = NO;
				DEBUG_INFORMATION_FORMAT = "dwarf-with-dsym";
				ENABLE_NS_ASSERTIONS = NO;
				ENABLE_STRICT_OBJC_MSGSEND = YES;
				GCC_C_LANGUAGE_STANDARD = gnu11;
				GCC_NO_COMMON_BLOCKS = YES;
				GCC_WARN_64_TO_32_BIT_CONVERSION = YES;
				GCC_WARN_ABOUT_RETURN_TYPE = YES_ERROR;
				GCC_WARN_UNDECLARED_SELECTOR = YES;
				GCC_WARN_UNINITIALIZED_AUTOS = YES_AGGRESSIVE;
				GCC_WARN_UNUSED_FUNCTION = YES;
				GCC_WARN_UNUSED_VARIABLE = YES;
				IPHONEOS_DEPLOYMENT_TARGET = 12.0;
				MTL_ENABLE_DEBUG_INFO = NO;
				MTL_FAST_MATH = YES;
				SDKROOT = iphoneos;
				SWIFT_COMPILATION_MODE = wholemodule;
				SWIFT_OPTIMIZATION_LEVEL = "-O";
				VALIDATE_PRODUCT = YES;
			};
			name = Release;
		};
		298433E9218679A4007FEB84 /* Debug */ = {
			isa = XCBuildConfiguration;
			buildSettings = {
				ASSETCATALOG_COMPILER_APPICON_NAME = AppIcon;
				CODE_SIGN_STYLE = Automatic;
				DEVELOPMENT_TEAM = 8W457XJY27;
				INFOPLIST_FILE = iQuiz/Info.plist;
				LD_RUNPATH_SEARCH_PATHS = (
					"$(inherited)",
					"@executable_path/Frameworks",
				);
				PRODUCT_BUNDLE_IDENTIFIER = uw.edu.liuqingm.iQuiz;
				PRODUCT_NAME = "$(TARGET_NAME)";
				SWIFT_VERSION = 4.2;
				TARGETED_DEVICE_FAMILY = "1,2";
			};
			name = Debug;
		};
		298433EA218679A4007FEB84 /* Release */ = {
			isa = XCBuildConfiguration;
			buildSettings = {
				ASSETCATALOG_COMPILER_APPICON_NAME = AppIcon;
				CODE_SIGN_STYLE = Automatic;
				DEVELOPMENT_TEAM = 8W457XJY27;
				INFOPLIST_FILE = iQuiz/Info.plist;
				LD_RUNPATH_SEARCH_PATHS = (
					"$(inherited)",
					"@executable_path/Frameworks",
				);
				PRODUCT_BUNDLE_IDENTIFIER = uw.edu.liuqingm.iQuiz;
				PRODUCT_NAME = "$(TARGET_NAME)";
				SWIFT_VERSION = 4.2;
				TARGETED_DEVICE_FAMILY = "1,2";
			};
			name = Release;
		};
		298433EC218679A4007FEB84 /* Debug */ = {
			isa = XCBuildConfiguration;
			buildSettings = {
				ALWAYS_EMBED_SWIFT_STANDARD_LIBRARIES = YES;
				BUNDLE_LOADER = "$(TEST_HOST)";
				CODE_SIGN_STYLE = Automatic;
				DEVELOPMENT_TEAM = 8W457XJY27;
				INFOPLIST_FILE = iQuizTests/Info.plist;
				LD_RUNPATH_SEARCH_PATHS = (
					"$(inherited)",
					"@executable_path/Frameworks",
					"@loader_path/Frameworks",
				);
				PRODUCT_BUNDLE_IDENTIFIER = uw.edu.liuqingm.iQuizTests;
				PRODUCT_NAME = "$(TARGET_NAME)";
				SWIFT_VERSION = 4.2;
				TARGETED_DEVICE_FAMILY = "1,2";
				TEST_HOST = "$(BUILT_PRODUCTS_DIR)/iQuiz.app/iQuiz";
			};
			name = Debug;
		};
		298433ED218679A4007FEB84 /* Release */ = {
			isa = XCBuildConfiguration;
			buildSettings = {
				ALWAYS_EMBED_SWIFT_STANDARD_LIBRARIES = YES;
				BUNDLE_LOADER = "$(TEST_HOST)";
				CODE_SIGN_STYLE = Automatic;
				DEVELOPMENT_TEAM = 8W457XJY27;
				INFOPLIST_FILE = iQuizTests/Info.plist;
				LD_RUNPATH_SEARCH_PATHS = (
					"$(inherited)",
					"@executable_path/Frameworks",
					"@loader_path/Frameworks",
				);
				PRODUCT_BUNDLE_IDENTIFIER = uw.edu.liuqingm.iQuizTests;
				PRODUCT_NAME = "$(TARGET_NAME)";
				SWIFT_VERSION = 4.2;
				TARGETED_DEVICE_FAMILY = "1,2";
				TEST_HOST = "$(BUILT_PRODUCTS_DIR)/iQuiz.app/iQuiz";
			};
			name = Release;
		};
		298433EF218679A4007FEB84 /* Debug */ = {
			isa = XCBuildConfiguration;
			buildSettings = {
				ALWAYS_EMBED_SWIFT_STANDARD_LIBRARIES = YES;
				CODE_SIGN_STYLE = Automatic;
				DEVELOPMENT_TEAM = 8W457XJY27;
				INFOPLIST_FILE = iQuizUITests/Info.plist;
				LD_RUNPATH_SEARCH_PATHS = (
					"$(inherited)",
					"@executable_path/Frameworks",
					"@loader_path/Frameworks",
				);
				PRODUCT_BUNDLE_IDENTIFIER = uw.edu.liuqingm.iQuizUITests;
				PRODUCT_NAME = "$(TARGET_NAME)";
				SWIFT_VERSION = 4.2;
				TARGETED_DEVICE_FAMILY = "1,2";
				TEST_TARGET_NAME = iQuiz;
			};
			name = Debug;
		};
		298433F0218679A4007FEB84 /* Release */ = {
			isa = XCBuildConfiguration;
			buildSettings = {
				ALWAYS_EMBED_SWIFT_STANDARD_LIBRARIES = YES;
				CODE_SIGN_STYLE = Automatic;
				DEVELOPMENT_TEAM = 8W457XJY27;
				INFOPLIST_FILE = iQuizUITests/Info.plist;
				LD_RUNPATH_SEARCH_PATHS = (
					"$(inherited)",
					"@executable_path/Frameworks",
					"@loader_path/Frameworks",
				);
				PRODUCT_BUNDLE_IDENTIFIER = uw.edu.liuqingm.iQuizUITests;
				PRODUCT_NAME = "$(TARGET_NAME)";
				SWIFT_VERSION = 4.2;
				TARGETED_DEVICE_FAMILY = "1,2";
				TEST_TARGET_NAME = iQuiz;
			};
			name = Release;
		};
/* End XCBuildConfiguration section */

/* Begin XCConfigurationList section */
		298433BB218679A1007FEB84 /* Build configuration list for PBXProject "iQuiz" */ = {
			isa = XCConfigurationList;
			buildConfigurations = (
				298433E6218679A4007FEB84 /* Debug */,
				298433E7218679A4007FEB84 /* Release */,
			);
			defaultConfigurationIsVisible = 0;
			defaultConfigurationName = Release;
		};
		298433E8218679A4007FEB84 /* Build configuration list for PBXNativeTarget "iQuiz" */ = {
			isa = XCConfigurationList;
			buildConfigurations = (
				298433E9218679A4007FEB84 /* Debug */,
				298433EA218679A4007FEB84 /* Release */,
			);
			defaultConfigurationIsVisible = 0;
			defaultConfigurationName = Release;
		};
		298433EB218679A4007FEB84 /* Build configuration list for PBXNativeTarget "iQuizTests" */ = {
			isa = XCConfigurationList;
			buildConfigurations = (
				298433EC218679A4007FEB84 /* Debug */,
				298433ED218679A4007FEB84 /* Release */,
			);
			defaultConfigurationIsVisible = 0;
			defaultConfigurationName = Release;
		};
		298433EE218679A4007FEB84 /* Build configuration list for PBXNativeTarget "iQuizUITests" */ = {
			isa = XCConfigurationList;
			buildConfigurations = (
				298433EF218679A4007FEB84 /* Debug */,
				298433F0218679A4007FEB84 /* Release */,
			);
			defaultConfigurationIsVisible = 0;
			defaultConfigurationName = Release;
		};
/* End XCConfigurationList section */
	};
	rootObject = 298433B8218679A1007FEB84 /* Project object */;
}
